
Microsoft Visual Studio Solution File, Format Version 12.00
# Visual Studio Version 16
VisualStudioVersion = 16.0.30907.101
MinimumVisualStudioVersion = 10.0.40219.1
Project("{FAE04EC0-301F-11D3-BF4B-00C04F79EFBC}") = "Assignment_Section2", "Assignment_Section2\Assignment_Section2.csproj", "{A7CD189B-581A-4FCC-89C0-987F075224BC}"
EndProject
Global
	GlobalSection(SolutionConfigurationPlatforms) = preSolution
		Debug|Any CPU = Debug|Any CPU
		Release|Any CPU = Release|Any CPU
	EndGlobalSection
	GlobalSection(ProjectConfigurationPlatforms) = postSolution
		{A7CD189B-581A-4FCC-89C0-987F075224BC}.Debug|Any CPU.ActiveCfg = Debug|Any CPU
		{A7CD189B-581A-4FCC-89C0-987F075224BC}.Debug|Any CPU.Build.0 = Debug|Any CPU
		{A7CD189B-581A-4FCC-89C0-987F075224BC}.Release|Any CPU.ActiveCfg = Release|Any CPU
		{A7CD189B-581A-4FCC-89C0-987F075224BC}.Release|Any CPU.Build.0 = Release|Any CPU
	EndGlobalSection
	GlobalSection(SolutionProperties) = preSolution
		HideSolutionNode = FALSE
	EndGlobalSection
	GlobalSection(ExtensibilityGlobals) = postSolution
		SolutionGuid = {907ED831-A522-4A78-81BB-0CAF45FC3ABA}
	EndGlobalSection
EndGlobal
